
Microsoft Visual Studio Solution File, Format Version 12.00
# Visual Studio Version 17
VisualStudioVersion = 17.8.34316.72
MinimumVisualStudioVersion = 10.0.40219.1
Project("{FAE04EC0-301F-11D3-BF4B-00C04F79EFBC}") = "BlazorShop.Api", "BlazorShop.Api\BlazorShop.Api.csproj", "{33820C6F-017D-49F1-A9CC-D34FB1CB0570}"
EndProject
Project("{FAE04EC0-301F-11D3-BF4B-00C04F79EFBC}") = "BlazorShop.Web", "BlazorShop.Web\BlazorShop.Web.csproj", "{DA06228A-EA99-4DDD-B6B1-F98062FADC42}"
EndProject
Project("{FAE04EC0-301F-11D3-BF4B-00C04F79EFBC}") = "BlazorShop.Models", "BlazorShop.Models\BlazorShop.Models.csproj", "{6B608FCE-CD75-4093-B6E4-E768FE39A810}"
EndProject
Global
	GlobalSection(SolutionConfigurationPlatforms) = preSolution
		Debug|Any CPU = Debug|Any CPU
		Release|Any CPU = Release|Any CPU
	EndGlobalSection
	GlobalSection(ProjectConfigurationPlatforms) = postSolution
		{33820C6F-017D-49F1-A9CC-D34FB1CB0570}.Debug|Any CPU.ActiveCfg = Debug|Any CPU
		{33820C6F-017D-49F1-A9CC-D34FB1CB0570}.Debug|Any CPU.Build.0 = Debug|Any CPU
		{33820C6F-017D-49F1-A9CC-D34FB1CB0570}.Release|Any CPU.ActiveCfg = Release|Any CPU
		{33820C6F-017D-49F1-A9CC-D34FB1CB0570}.Release|Any CPU.Build.0 = Release|Any CPU
		{DA06228A-EA99-4DDD-B6B1-F98062FADC42}.Debug|Any CPU.ActiveCfg = Debug|Any CPU
		{DA06228A-EA99-4DDD-B6B1-F98062FADC42}.Debug|Any CPU.Build.0 = Debug|Any CPU
		{DA06228A-EA99-4DDD-B6B1-F98062FADC42}.Release|Any CPU.ActiveCfg = Release|Any CPU
		{DA06228A-EA99-4DDD-B6B1-F98062FADC42}.Release|Any CPU.Build.0 = Release|Any CPU
		{6B608FCE-CD75-4093-B6E4-E768FE39A810}.Debug|Any CPU.ActiveCfg = Debug|Any CPU
		{6B608FCE-CD75-4093-B6E4-E768FE39A810}.Debug|Any CPU.Build.0 = Debug|Any CPU
		{6B608FCE-CD75-4093-B6E4-E768FE39A810}.Release|Any CPU.ActiveCfg = Release|Any CPU
		{6B608FCE-CD75-4093-B6E4-E768FE39A810}.Release|Any CPU.Build.0 = Release|Any CPU
	EndGlobalSection
	GlobalSection(SolutionProperties) = preSolution
		HideSolutionNode = FALSE
	EndGlobalSection
	GlobalSection(ExtensibilityGlobals) = postSolution
		SolutionGuid = {4DC04A82-F7E1-405D-B85D-11BBC7A8E7E8}
	EndGlobalSection
EndGlobal
